
Microsoft Visual Studio Solution File, Format Version 12.00
# Visual Studio Version 17
VisualStudioVersion = 17.11.35327.3
MinimumVisualStudioVersion = 10.0.40219.1
Project("{9A19103F-16F7-4668-BE54-9A1E7A4F7556}") = "ZentechAPI", "ZentechAPI.csproj", "{59E7249B-9D60-4B09-8EAB-9D70CCF437F4}"
EndProject
Global
	GlobalSection(SolutionConfigurationPlatforms) = preSolution
		Debug|Any CPU = Debug|Any CPU
		Release|Any CPU = Release|Any CPU
	EndGlobalSection
	GlobalSection(ProjectConfigurationPlatforms) = postSolution
		{59E7249B-9D60-4B09-8EAB-9D70CCF437F4}.Debug|Any CPU.ActiveCfg = Debug|Any CPU
		{59E7249B-9D60-4B09-8EAB-9D70CCF437F4}.Debug|Any CPU.Build.0 = Debug|Any CPU
		{59E7249B-9D60-4B09-8EAB-9D70CCF437F4}.Release|Any CPU.ActiveCfg = Release|Any CPU
		{59E7249B-9D60-4B09-8EAB-9D70CCF437F4}.Release|Any CPU.Build.0 = Release|Any CPU
	EndGlobalSection
	GlobalSection(SolutionProperties) = preSolution
		HideSolutionNode = FALSE
	EndGlobalSection
	GlobalSection(ExtensibilityGlobals) = postSolution
		SolutionGuid = {33AA5580-69C4-462C-875C-A224DE3F39BE}
	EndGlobalSection
EndGlobal
